# THIS IS AN AUTOGENERATED FILE. DO NOT EDIT THIS FILE DIRECTLY.
# yarn lockfile v1


"@babel/polyfill@^7.2.3":
  version "7.8.7"
  resolved "https://bosdevartifactory.ezesoft.net:443/artifactory/api/npm/npm-eze/@babel/polyfill/-/polyfill-7.8.7.tgz#151ec24c7135481336168c3bd8b8bf0cf91c032f"
  integrity sha1-FR7CTHE1SBM2Fow72Li/DPkcAy8=
  dependencies:
    core-js "^2.6.5"
    regenerator-runtime "^0.13.4"

ajv@^6.5.5:
  version "6.12.2"
  resolved "https://bosdevartifactory.ezesoft.net:443/artifactory/api/npm/npm-eze/ajv/-/ajv-6.12.2.tgz#c629c5eced17baf314437918d2da88c99d5958cd"
  integrity sha1-xinF7O0XuvMUQ3kY0tqIyZ1ZWM0=
  dependencies:
    fast-deep-equal "^3.1.1"
    fast-json-stable-stringify "^2.0.0"
    json-schema-traverse "^0.4.1"
    uri-js "^4.2.2"

ansi-regex@^3.0.0:
  version "3.0.0"
  resolved "https://bosdevartifactory.ezesoft.net:443/artifactory/api/npm/npm-eze/ansi-regex/-/ansi-regex-3.0.0.tgz#ed0317c322064f79466c02966bddb605ab37d998"
  integrity sha1-7QMXwyIGT3lGbAKWa922Bas32Zg=

any-promise@^1.0.0:
  version "1.3.0"
  resolved "https://bosdevartifactory.ezesoft.net:443/artifactory/api/npm/npm-eze/any-promise/-/any-promise-1.3.0.tgz#abc6afeedcea52e809cdc0376aed3ce39635d17f"
  integrity sha1-q8av7tzqUugJzcA3au0845Y10X8=

asn1@~0.2.3:
  version "0.2.4"
  resolved "https://bosdevartifactory.ezesoft.net:443/artifactory/api/npm/npm-eze/asn1/-/asn1-0.2.4.tgz#8d2475dfab553bb33e77b54e59e880bb8ce23136"
  integrity sha1-jSR136tVO7M+d7VOWeiAu4ziMTY=
  dependencies:
    safer-buffer "~2.1.0"

assert-plus@1.0.0, assert-plus@^1.0.0:
  version "1.0.0"
  resolved "https://bosdevartifactory.ezesoft.net:443/artifactory/api/npm/npm-eze/assert-plus/-/assert-plus-1.0.0.tgz#f12e0f3c5d77b0b1cdd9146942e4e96c1e4dd525"
  integrity sha1-8S4PPF13sLHN2RRpQuTpbB5N1SU=

assertion-error-formatter@^2.0.1:
  version "2.0.1"
  resolved "https://bosdevartifactory.ezesoft.net:443/artifactory/api/npm/npm-eze/assertion-error-formatter/-/assertion-error-formatter-2.0.1.tgz#6bbdffaec8e2fa9e2b0eb158bfe353132d7c0a9b"
  integrity sha1-a73/rsji+p4rDrFYv+NTEy18Cps=
  dependencies:
    diff "^3.0.0"
    pad-right "^0.2.2"
    repeat-string "^1.6.1"

assertion-error@^1.1.0:
  version "1.1.0"
  resolved "https://bosdevartifactory.ezesoft.net:443/artifactory/api/npm/npm-eze/assertion-error/-/assertion-error-1.1.0.tgz#e60b6b0e8f301bd97e5375215bda406c85118c0b"
  integrity sha1-5gtrDo8wG9l+U3UhW9pAbIURjAs=

asynckit@^0.4.0:
  version "0.4.0"
  resolved "https://bosdevartifactory.ezesoft.net:443/artifactory/api/npm/npm-eze/asynckit/-/asynckit-0.4.0.tgz#c79ed97f7f34cb8f2ba1bc9790bcc366474b4b79"
  integrity sha1-x57Zf380y48robyXkLzDZkdLS3k=

aws-sign2@~0.7.0:
  version "0.7.0"
  resolved "https://bosdevartifactory.ezesoft.net:443/artifactory/api/npm/npm-eze/aws-sign2/-/aws-sign2-0.7.0.tgz#b46e890934a9591f2d2f6f86d7e6a9f1b3fe76a8"
  integrity sha1-tG6JCTSpWR8tL2+G1+ap8bP+dqg=

aws4@^1.8.0:
  version "1.9.1"
  resolved "https://bosdevartifactory.ezesoft.net:443/artifactory/api/npm/npm-eze/aws4/-/aws4-1.9.1.tgz#7e33d8f7d449b3f673cd72deb9abdc552dbe528e"
  integrity sha1-fjPY99RJs/ZzzXLeuavcVS2+Uo4=

balanced-match@^1.0.0:
  version "1.0.0"
  resolved "https://bosdevartifactory.ezesoft.net:443/artifactory/api/npm/npm-eze/balanced-match/-/balanced-match-1.0.0.tgz#89b4d199ab2bee49de164ea02b89ce462d71b767"
  integrity sha1-ibTRmasr7kneFk6gK4nORi1xt2c=

bcrypt-pbkdf@^1.0.0:
  version "1.0.2"
  resolved "https://bosdevartifactory.ezesoft.net:443/artifactory/api/npm/npm-eze/bcrypt-pbkdf/-/bcrypt-pbkdf-1.0.2.tgz#a4301d389b6a43f9b67ff3ca11a3f6637e360e9e"
  integrity sha1-pDAdOJtqQ/m2f/PKEaP2Y342Dp4=
  dependencies:
    tweetnacl "^0.14.3"

becke-ch--regex--s0-0-v1--base--pl--lib@^1.2.0:
  version "1.4.0"
  resolved "https://bosdevartifactory.ezesoft.net:443/artifactory/api/npm/npm-eze/becke-ch--regex--s0-0-v1--base--pl--lib/-/becke-ch--regex--s0-0-v1--base--pl--lib-1.4.0.tgz#429ceebbfa5f7e936e78d73fbdc7da7162b20e20"
  integrity sha1-Qpzuu/pffpNueNc/vcfacWKyDiA=

bluebird@^3.4.1, bluebird@^3.5.0:
  version "3.7.2"
  resolved "https://bosdevartifactory.ezesoft.net:443/artifactory/api/npm/npm-eze/bluebird/-/bluebird-3.7.2.tgz#9f229c15be272454ffa973ace0dbee79a1b0c36f"
  integrity sha1-nyKcFb4nJFT/qXOs4NvueaGww28=

brace-expansion@^1.1.7:
  version "1.1.11"
  resolved "https://bosdevartifactory.ezesoft.net:443/artifactory/api/npm/npm-eze/brace-expansion/-/brace-expansion-1.1.11.tgz#3c7fcbf529d87226f3d2f52b966ff5271eb441dd"
  integrity sha1-PH/L9SnYcibz0vUrlm/1Jx60Qd0=
  dependencies:
    balanced-match "^1.0.0"
    concat-map "0.0.1"

btoa@^1.2.1:
  version "1.2.1"
  resolved "https://bosdevartifactory.ezesoft.net:443/artifactory/api/npm/npm-eze/btoa/-/btoa-1.2.1.tgz#01a9909f8b2c93f6bf680ba26131eb30f7fa3d73"
  integrity sha1-AamQn4ssk/a/aAuiYTHrMPf6PXM=

caseless@~0.12.0:
  version "0.12.0"
  resolved "https://bosdevartifactory.ezesoft.net:443/artifactory/api/npm/npm-eze/caseless/-/caseless-0.12.0.tgz#1b681c21ff84033c826543090689420d187151dc"
  integrity sha1-G2gcIf+EAzyCZUMJBolCDRhxUdw=

chai@^4.2.0:
  version "4.2.0"
  resolved "https://bosdevartifactory.ezesoft.net:443/artifactory/api/npm/npm-eze/chai/-/chai-4.2.0.tgz#760aa72cf20e3795e84b12877ce0e83737aa29e5"
  integrity sha1-dgqnLPION5XoSxKHfODoNzeqKeU=
  dependencies:
    assertion-error "^1.1.0"
    check-error "^1.0.2"
    deep-eql "^3.0.1"
    get-func-name "^2.0.0"
    pathval "^1.1.0"
    type-detect "^4.0.5"

check-error@^1.0.2:
  version "1.0.2"
  resolved "https://bosdevartifactory.ezesoft.net:443/artifactory/api/npm/npm-eze/check-error/-/check-error-1.0.2.tgz#574d312edd88bb5dd8912e9286dd6c0aed4aac82"
  integrity sha1-V00xLt2Iu13YkS6Sht1sCu1KrII=

cli-table3@^0.5.1:
  version "0.5.1"
  resolved "https://bosdevartifactory.ezesoft.net:443/artifactory/api/npm/npm-eze/cli-table3/-/cli-table3-0.5.1.tgz#0252372d94dfc40dbd8df06005f48f31f656f202"
  integrity sha1-AlI3LZTfxA29jfBgBfSPMfZW8gI=
  dependencies:
    object-assign "^4.1.0"
    string-width "^2.1.1"
  optionalDependencies:
    colors "^1.1.2"

colors@^1.1.2:
  version "1.4.0"
  resolved "https://bosdevartifactory.ezesoft.net:443/artifactory/api/npm/npm-eze/colors/-/colors-1.4.0.tgz#c50491479d4c1bdaed2c9ced32cf7c7dc2360f78"
  integrity sha1-xQSRR51MG9rtLJztMs98fcI2D3g=

combined-stream@^1.0.6, combined-stream@~1.0.6:
  version "1.0.8"
  resolved "https://bosdevartifactory.ezesoft.net:443/artifactory/api/npm/npm-eze/combined-stream/-/combined-stream-1.0.8.tgz#c3d45a8b34fd730631a110a8a2520682b31d5a7f"
  integrity sha1-w9RaizT9cwYxoRCoolIGgrMdWn8=
  dependencies:
    delayed-stream "~1.0.0"

commander@^2.9.0:
  version "2.20.3"
  resolved "https://bosdevartifactory.ezesoft.net:443/artifactory/api/npm/npm-eze/commander/-/commander-2.20.3.tgz#fd485e84c03eb4881c20722ba48035e8531aeb33"
  integrity sha1-/UhehMA+tIgcIHIrpIA16FMa6zM=

concat-map@0.0.1:
  version "0.0.1"
  resolved "https://bosdevartifactory.ezesoft.net:443/artifactory/api/npm/npm-eze/concat-map/-/concat-map-0.0.1.tgz#d8a96bd77fd68df7793a73036a3ba0d5405d477b"
  integrity sha1-2Klr13/Wjfd5OnMDajug1UBdR3s=

core-js@^2.6.5:
  version "2.6.11"
  resolved "https://bosdevartifactory.ezesoft.net:443/artifactory/api/npm/npm-eze/core-js/-/core-js-2.6.11.tgz#38831469f9922bded8ee21c9dc46985e0399308c"
  integrity sha1-OIMUafmSK97Y7iHJ3EaYXgOZMIw=

core-util-is@1.0.2:
  version "1.0.2"
  resolved "https://bosdevartifactory.ezesoft.net:443/artifactory/api/npm/npm-eze/core-util-is/-/core-util-is-1.0.2.tgz#b5fd54220aa2bc5ab57aab7140c940754503c1a7"
  integrity sha1-tf1UIgqivFq1eqtxQMlAdUUDwac=

cross-spawn@^6.0.5:
  version "6.0.5"
  resolved "https://bosdevartifactory.ezesoft.net:443/artifactory/api/npm/npm-eze/cross-spawn/-/cross-spawn-6.0.5.tgz#4a5ec7c64dfae22c3a14124dbacdee846d80cbc4"
  integrity sha1-Sl7Hxk364iw6FBJNus3uhG2Ay8Q=
  dependencies:
    nice-try "^1.0.4"
    path-key "^2.0.1"
    semver "^5.5.0"
    shebang-command "^1.2.0"
    which "^1.2.9"

cucumber-expressions@^6.0.0:
  version "6.6.2"
  resolved "https://bosdevartifactory.ezesoft.net:443/artifactory/api/npm/npm-eze/cucumber-expressions/-/cucumber-expressions-6.6.2.tgz#d89640eccc72a78380b6c210eae36a64e7462b81"
  integrity sha1-2JZA7Mxyp4OAtsIQ6uNqZOdGK4E=
  dependencies:
    becke-ch--regex--s0-0-v1--base--pl--lib "^1.2.0"

cucumber-tag-expressions@^1.1.1:
  version "1.1.1"
  resolved "https://bosdevartifactory.ezesoft.net:443/artifactory/api/npm/npm-eze/cucumber-tag-expressions/-/cucumber-tag-expressions-1.1.1.tgz#7f5c7b70009bc2b666591bfe64854578bedee85a"
  integrity sha1-f1x7cACbwrZmWRv+ZIVFeL7e6Fo=

cucumber@^5.1.0:
  version "5.1.0"
  resolved "https://bosdevartifactory.ezesoft.net:443/artifactory/api/npm/npm-eze/cucumber/-/cucumber-5.1.0.tgz#7b166812c255bec7eac4b0df7007a40d089c895d"
  integrity sha1-exZoEsJVvsfqxLDfcAekDQiciV0=
  dependencies:
    "@babel/polyfill" "^7.2.3"
    assertion-error-formatter "^2.0.1"
    bluebird "^3.4.1"
    cli-table3 "^0.5.1"
    colors "^1.1.2"
    commander "^2.9.0"
    cross-spawn "^6.0.5"
    cucumber-expressions "^6.0.0"
    cucumber-tag-expressions "^1.1.1"
    duration "^0.2.1"
    escape-string-regexp "^1.0.5"
    figures "2.0.0"
    gherkin "^5.0.0"
    glob "^7.1.3"
    indent-string "^3.1.0"
    is-generator "^1.0.2"
    is-stream "^1.1.0"
    knuth-shuffle-seeded "^1.0.6"
    lodash "^4.17.10"
    mz "^2.4.0"
    progress "^2.0.0"
    resolve "^1.3.3"
    serialize-error "^3.0.0"
    stack-chain "^2.0.0"
    stacktrace-js "^2.0.0"
    string-argv "0.1.1"
    title-case "^2.1.1"
    util-arity "^1.0.2"
    verror "^1.9.0"

d@1, d@^1.0.1:
  version "1.0.1"
  resolved "https://bosdevartifactory.ezesoft.net:443/artifactory/api/npm/npm-eze/d/-/d-1.0.1.tgz#8698095372d58dbee346ffd0c7093f99f8f9eb5a"
  integrity sha1-hpgJU3LVjb7jRv/Qxwk/mfj561o=
  dependencies:
    es5-ext "^0.10.50"
    type "^1.0.1"

dashdash@^1.12.0:
  version "1.14.1"
  resolved "https://bosdevartifactory.ezesoft.net:443/artifactory/api/npm/npm-eze/dashdash/-/dashdash-1.14.1.tgz#853cfa0f7cbe2fed5de20326b8dd581035f6e2f0"
  integrity sha1-hTz6D3y+L+1d4gMmuN1YEDX24vA=
  dependencies:
    assert-plus "^1.0.0"

debug@^4.1.0:
  version "4.1.1"
  resolved "https://bosdevartifactory.ezesoft.net:443/artifactory/api/npm/npm-eze/debug/-/debug-4.1.1.tgz#3b72260255109c6b589cee050f1d516139664791"
  integrity sha1-O3ImAlUQnGtYnO4FDx1RYTlmR5E=
  dependencies:
    ms "^2.1.1"

deep-eql@^3.0.1:
  version "3.0.1"
  resolved "https://bosdevartifactory.ezesoft.net:443/artifactory/api/npm/npm-eze/deep-eql/-/deep-eql-3.0.1.tgz#dfc9404400ad1c8fe023e7da1df1c147c4b444df"
  integrity sha1-38lARACtHI/gI+faHfHBR8S0RN8=
  dependencies:
    type-detect "^4.0.0"

delayed-stream@~1.0.0:
  version "1.0.0"
  resolved "https://bosdevartifactory.ezesoft.net:443/artifactory/api/npm/npm-eze/delayed-stream/-/delayed-stream-1.0.0.tgz#df3ae199acadfb7d440aaae0b29e2272b24ec619"
  integrity sha1-3zrhmayt+31ECqrgsp4icrJOxhk=

diff@^3.0.0:
  version "3.5.0"
  resolved "https://bosdevartifactory.ezesoft.net:443/artifactory/api/npm/npm-eze/diff/-/diff-3.5.0.tgz#800c0dd1e0a8bfbc95835c202ad220fe317e5a12"
  integrity sha1-gAwN0eCov7yVg1wgKtIg/jF+WhI=

duration@^0.2.1:
  version "0.2.2"
  resolved "https://bosdevartifactory.ezesoft.net:443/artifactory/api/npm/npm-eze/duration/-/duration-0.2.2.tgz#ddf149bc3bc6901150fe9017111d016b3357f529"
  integrity sha1-3fFJvDvGkBFQ/pAXER0BazNX9Sk=
  dependencies:
    d "1"
    es5-ext "~0.10.46"

ecc-jsbn@~0.1.1:
  version "0.1.2"
  resolved "https://bosdevartifactory.ezesoft.net:443/artifactory/api/npm/npm-eze/ecc-jsbn/-/ecc-jsbn-0.1.2.tgz#3a83a904e54353287874c564b7549386849a98c9"
  integrity sha1-OoOpBOVDUyh4dMVkt1SThoSamMk=
  dependencies:
    jsbn "~0.1.0"
    safer-buffer "^2.1.0"

error-stack-parser@^2.0.6:
  version "2.0.6"
  resolved "https://bosdevartifactory.ezesoft.net:443/artifactory/api/npm/npm-eze/error-stack-parser/-/error-stack-parser-2.0.6.tgz#5a99a707bd7a4c58a797902d48d82803ede6aad8"
  integrity sha1-WpmnB716TFinl5AtSNgoA+3mqtg=
  dependencies:
    stackframe "^1.1.1"

es5-ext@^0.10.35, es5-ext@^0.10.50, es5-ext@~0.10.46:
  version "0.10.53"
  resolved "https://bosdevartifactory.ezesoft.net:443/artifactory/api/npm/npm-eze/es5-ext/-/es5-ext-0.10.53.tgz#93c5a3acfdbef275220ad72644ad02ee18368de1"
  integrity sha1-k8WjrP2+8nUiCtcmRK0C7hg2jeE=
  dependencies:
    es6-iterator "~2.0.3"
    es6-symbol "~3.1.3"
    next-tick "~1.0.0"

es6-iterator@~2.0.3:
  version "2.0.3"
  resolved "https://bosdevartifactory.ezesoft.net:443/artifactory/api/npm/npm-eze/es6-iterator/-/es6-iterator-2.0.3.tgz#a7de889141a05a94b0854403b2d0a0fbfa98f3b7"
  integrity sha1-p96IkUGgWpSwhUQDstCg+/qY87c=
  dependencies:
    d "1"
    es5-ext "^0.10.35"
    es6-symbol "^3.1.1"

es6-symbol@^3.1.1, es6-symbol@~3.1.3:
  version "3.1.3"
  resolved "https://bosdevartifactory.ezesoft.net:443/artifactory/api/npm/npm-eze/es6-symbol/-/es6-symbol-3.1.3.tgz#bad5d3c1bcdac28269f4cb331e431c78ac705d18"
  integrity sha1-utXTwbzawoJp9MszHkMceKxwXRg=
  dependencies:
    d "^1.0.1"
    ext "^1.1.2"

escape-string-regexp@^1.0.5:
  version "1.0.5"
  resolved "https://bosdevartifactory.ezesoft.net:443/artifactory/api/npm/npm-eze/escape-string-regexp/-/escape-string-regexp-1.0.5.tgz#1b61c0562190a8dff6ae3bb2cf0200ca130b86d4"
  integrity sha1-G2HAViGQqN/2rjuyzwIAyhMLhtQ=

ext@^1.1.2:
  version "1.4.0"
  resolved "https://bosdevartifactory.ezesoft.net:443/artifactory/api/npm/npm-eze/ext/-/ext-1.4.0.tgz#89ae7a07158f79d35517882904324077e4379244"
  integrity sha1-ia56BxWPedNVF4gpBDJAd+Q3kkQ=
  dependencies:
    type "^2.0.0"

extend@~3.0.2:
  version "3.0.2"
  resolved "https://bosdevartifactory.ezesoft.net:443/artifactory/api/npm/npm-eze/extend/-/extend-3.0.2.tgz#f8b1136b4071fbd8eb140aff858b1019ec2915fa"
  integrity sha1-+LETa0Bx+9jrFAr/hYsQGewpFfo=

extsprintf@1.3.0:
  version "1.3.0"
  resolved "https://bosdevartifactory.ezesoft.net:443/artifactory/api/npm/npm-eze/extsprintf/-/extsprintf-1.3.0.tgz#96918440e3041a7a414f8c52e3c574eb3c3e1e05"
  integrity sha1-lpGEQOMEGnpBT4xS48V06zw+HgU=

extsprintf@^1.2.0:
  version "1.4.0"
  resolved "https://bosdevartifactory.ezesoft.net:443/artifactory/api/npm/npm-eze/extsprintf/-/extsprintf-1.4.0.tgz#e2689f8f356fad62cca65a3a91c5df5f9551692f"
  integrity sha1-4mifjzVvrWLMplo6kcXfX5VRaS8=

fast-deep-equal@^3.1.1:
  version "3.1.1"
  resolved "https://bosdevartifactory.ezesoft.net:443/artifactory/api/npm/npm-eze/fast-deep-equal/-/fast-deep-equal-3.1.1.tgz#545145077c501491e33b15ec408c294376e94ae4"
  integrity sha1-VFFFB3xQFJHjOxXsQIwpQ3bpSuQ=

fast-json-stable-stringify@^2.0.0:
  version "2.1.0"
  resolved "https://bosdevartifactory.ezesoft.net:443/artifactory/api/npm/npm-eze/fast-json-stable-stringify/-/fast-json-stable-stringify-2.1.0.tgz#874bf69c6f404c2b5d99c481341399fd55892633"
  integrity sha1-h0v2nG9ATCtdmcSBNBOZ/VWJJjM=

figures@2.0.0:
  version "2.0.0"
  resolved "https://bosdevartifactory.ezesoft.net:443/artifactory/api/npm/npm-eze/figures/-/figures-2.0.0.tgz#3ab1a2d2a62c8bfb431a0c94cb797a2fce27c962"
  integrity sha1-OrGi0qYsi/tDGgyUy3l6L84nyWI=
  dependencies:
    escape-string-regexp "^1.0.5"

forever-agent@~0.6.1:
  version "0.6.1"
  resolved "https://bosdevartifactory.ezesoft.net:443/artifactory/api/npm/npm-eze/forever-agent/-/forever-agent-0.6.1.tgz#fbc71f0c41adeb37f96c577ad1ed42d8fdacca91"
  integrity sha1-+8cfDEGt6zf5bFd60e1C2P2sypE=

form-data@~2.3.2:
  version "2.3.3"
  resolved "https://bosdevartifactory.ezesoft.net:443/artifactory/api/npm/npm-eze/form-data/-/form-data-2.3.3.tgz#dcce52c05f644f298c6a7ab936bd724ceffbf3a6"
  integrity sha1-3M5SwF9kTymManq5Nr1yTO/786Y=
  dependencies:
    asynckit "^0.4.0"
    combined-stream "^1.0.6"
    mime-types "^2.1.12"

frisby@0.8.5:
  version "0.8.5"
  resolved "https://bosdevartifactory.ezesoft.net:443/artifactory/api/npm/npm-eze/frisby/-/frisby-0.8.5.tgz#a7f0d125938d77e1c1ed5ed2f32a2cdc56a8a160"
  integrity sha1-p/DRJZONd+HB7V7S8yos3FaooWA=
  dependencies:
    jsonschema "1.0.0"
    mock-request ">= 0.1.2"
    nock "*"
    qs "1.2.x"
    request ">=2.51"
    stack-trace "0.0.x"
    underscore "1.6.x"

fs-extra@^8.0.1:
  version "8.1.0"
  resolved "https://bosdevartifactory.ezesoft.net:443/artifactory/api/npm/npm-eze/fs-extra/-/fs-extra-8.1.0.tgz#49d43c45a88cd9677668cb7be1b46efdb8d2e1c0"
  integrity sha1-SdQ8RaiM2Wd2aMt74bRu/bjS4cA=
  dependencies:
    graceful-fs "^4.2.0"
    jsonfile "^4.0.0"
    universalify "^0.1.0"

fs.realpath@^1.0.0:
  version "1.0.0"
  resolved "https://bosdevartifactory.ezesoft.net:443/artifactory/api/npm/npm-eze/fs.realpath/-/fs.realpath-1.0.0.tgz#1504ad2523158caa40db4a2787cb01411994ea4f"
  integrity sha1-FQStJSMVjKpA20onh8sBQRmU6k8=

get-func-name@^2.0.0:
  version "2.0.0"
  resolved "https://bosdevartifactory.ezesoft.net:443/artifactory/api/npm/npm-eze/get-func-name/-/get-func-name-2.0.0.tgz#ead774abee72e20409433a066366023dd6887a41"
  integrity sha1-6td0q+5y4gQJQzoGY2YCPdaIekE=

getpass@^0.1.1:
  version "0.1.7"
  resolved "https://bosdevartifactory.ezesoft.net:443/artifactory/api/npm/npm-eze/getpass/-/getpass-0.1.7.tgz#5eff8e3e684d569ae4cb2b1282604e8ba62149fa"
  integrity sha1-Xv+OPmhNVprkyysSgmBOi6YhSfo=
  dependencies:
    assert-plus "^1.0.0"

gherkin@^5.0.0:
  version "5.1.0"
  resolved "https://bosdevartifactory.ezesoft.net:443/artifactory/api/npm/npm-eze/gherkin/-/gherkin-5.1.0.tgz#684bbb03add24eaf7bdf544f58033eb28fb3c6d5"
  integrity sha1-aEu7A63STq9731RPWAM+so+zxtU=

glob@^7.1.3:
  version "7.1.6"
  resolved "https://bosdevartifactory.ezesoft.net:443/artifactory/api/npm/npm-eze/glob/-/glob-7.1.6.tgz#141f33b81a7c2492e125594307480c46679278a6"
  integrity sha1-FB8zuBp8JJLhJVlDB0gMRmeSeKY=
  dependencies:
    fs.realpath "^1.0.0"
    inflight "^1.0.4"
    inherits "2"
    minimatch "^3.0.4"
    once "^1.3.0"
    path-is-absolute "^1.0.0"

graceful-fs@^4.1.6, graceful-fs@^4.2.0:
  version "4.2.4"
  resolved "https://bosdevartifactory.ezesoft.net:443/artifactory/api/npm/npm-eze/graceful-fs/-/graceful-fs-4.2.4.tgz#2256bde14d3632958c465ebc96dc467ca07a29fb"
  integrity sha1-Ila94U02MpWMRl68ltxGfKB6Kfs=

har-schema@^2.0.0:
  version "2.0.0"
  resolved "https://bosdevartifactory.ezesoft.net:443/artifactory/api/npm/npm-eze/har-schema/-/har-schema-2.0.0.tgz#a94c2224ebcac04782a0d9035521f24735b7ec92"
  integrity sha1-qUwiJOvKwEeCoNkDVSHyRzW37JI=

har-validator@~5.1.3:
  version "5.1.3"
  resolved "https://bosdevartifactory.ezesoft.net:443/artifactory/api/npm/npm-eze/har-validator/-/har-validator-5.1.3.tgz#1ef89ebd3e4996557675eed9893110dc350fa080"
  integrity sha1-HvievT5JllV2de7ZiTEQ3DUPoIA=
  dependencies:
    ajv "^6.5.5"
    har-schema "^2.0.0"

http-signature@~1.2.0:
  version "1.2.0"
  resolved "https://bosdevartifactory.ezesoft.net:443/artifactory/api/npm/npm-eze/http-signature/-/http-signature-1.2.0.tgz#9aecd925114772f3d95b65a60abb8f7c18fbace1"
  integrity sha1-muzZJRFHcvPZW2WmCruPfBj7rOE=
  dependencies:
    assert-plus "^1.0.0"
    jsprim "^1.2.2"
    sshpk "^1.7.0"

indent-string@^3.1.0:
  version "3.2.0"
  resolved "https://bosdevartifactory.ezesoft.net:443/artifactory/api/npm/npm-eze/indent-string/-/indent-string-3.2.0.tgz#4a5fd6d27cc332f37e5419a504dbb837105c9289"
  integrity sha1-Sl/W0nzDMvN+VBmlBNu4NxBckok=

inflight@^1.0.4:
  version "1.0.6"
  resolved "https://bosdevartifactory.ezesoft.net:443/artifactory/api/npm/npm-eze/inflight/-/inflight-1.0.6.tgz#49bd6331d7d02d0c09bc910a1075ba8165b56df9"
  integrity sha1-Sb1jMdfQLQwJvJEKEHW6gWW1bfk=
  dependencies:
    once "^1.3.0"
    wrappy "1"

inherits@2:
  version "2.0.4"
  resolved "https://bosdevartifactory.ezesoft.net:443/artifactory/api/npm/npm-eze/inherits/-/inherits-2.0.4.tgz#0fa2c64f932917c3433a0ded55363aae37416b7c"
  integrity sha1-D6LGT5MpF8NDOg3tVTY6rjdBa3w=

is-fullwidth-code-point@^2.0.0:
  version "2.0.0"
  resolved "https://bosdevartifactory.ezesoft.net:443/artifactory/api/npm/npm-eze/is-fullwidth-code-point/-/is-fullwidth-code-point-2.0.0.tgz#a3b30a5c4f199183167aaab93beefae3ddfb654f"
  integrity sha1-o7MKXE8ZkYMWeqq5O+764937ZU8=

is-generator@^1.0.2:
  version "1.0.3"
  resolved "https://bosdevartifactory.ezesoft.net:443/artifactory/api/npm/npm-eze/is-generator/-/is-generator-1.0.3.tgz#c14c21057ed36e328db80347966c693f886389f3"
  integrity sha1-wUwhBX7TbjKNuANHlmxpP4hjifM=

is-stream@^1.1.0:
  version "1.1.0"
  resolved "https://bosdevartifactory.ezesoft.net:443/artifactory/api/npm/npm-eze/is-stream/-/is-stream-1.1.0.tgz#12d4a3dd4e68e0b79ceb8dbc84173ae80d91ca44"
  integrity sha1-EtSj3U5o4Lec6428hBc66A2RykQ=

is-typedarray@~1.0.0:
  version "1.0.0"
  resolved "https://bosdevartifactory.ezesoft.net:443/artifactory/api/npm/npm-eze/is-typedarray/-/is-typedarray-1.0.0.tgz#e479c80858df0c1b11ddda6940f96011fcda4a9a"
  integrity sha1-5HnICFjfDBsR3dppQPlgEfzaSpo=

isexe@^2.0.0:
  version "2.0.0"
  resolved "https://bosdevartifactory.ezesoft.net:443/artifactory/api/npm/npm-eze/isexe/-/isexe-2.0.0.tgz#e8fbf374dc556ff8947a10dcb0572d633f2cfa10"
  integrity sha1-6PvzdNxVb/iUehDcsFctYz8s+hA=

isstream@~0.1.2:
  version "0.1.2"
  resolved "https://bosdevartifactory.ezesoft.net:443/artifactory/api/npm/npm-eze/isstream/-/isstream-0.1.2.tgz#47e63f7af55afa6f92e1500e690eb8b8529c099a"
  integrity sha1-R+Y/evVa+m+S4VAOaQ64uFKcCZo=

jsbn@~0.1.0:
  version "0.1.1"
  resolved "https://bosdevartifactory.ezesoft.net:443/artifactory/api/npm/npm-eze/jsbn/-/jsbn-0.1.1.tgz#a5e654c2e5a2deb5f201d96cefbca80c0ef2f513"
  integrity sha1-peZUwuWi3rXyAdls77yoDA7y9RM=

json-schema-traverse@^0.4.1:
  version "0.4.1"
  resolved "https://bosdevartifactory.ezesoft.net:443/artifactory/api/npm/npm-eze/json-schema-traverse/-/json-schema-traverse-0.4.1.tgz#69f6a87d9513ab8bb8fe63bdb0979c448e684660"
  integrity sha1-afaofZUTq4u4/mO9sJecRI5oRmA=

json-schema@0.2.3:
  version "0.2.3"
  resolved "https://bosdevartifactory.ezesoft.net:443/artifactory/api/npm/npm-eze/json-schema/-/json-schema-0.2.3.tgz#b480c892e59a2f05954ce727bd3f2a4e882f9e13"
  integrity sha1-tIDIkuWaLwWVTOcnvT8qTogvnhM=

json-stringify-safe@^5.0.1, json-stringify-safe@~5.0.1:
  version "5.0.1"
  resolved "https://bosdevartifactory.ezesoft.net:443/artifactory/api/npm/npm-eze/json-stringify-safe/-/json-stringify-safe-5.0.1.tgz#1296a2d58fd45f19a0f6ce01d65701e2c735b6eb"
  integrity sha1-Epai1Y/UXxmg9s4B1lcB4sc1tus=

jsonfile@^4.0.0:
  version "4.0.0"
  resolved "https://bosdevartifactory.ezesoft.net:443/artifactory/api/npm/npm-eze/jsonfile/-/jsonfile-4.0.0.tgz#8771aae0799b64076b76640fca058f9c10e33ecb"
  integrity sha1-h3Gq4HmbZAdrdmQPygWPnBDjPss=
  optionalDependencies:
    graceful-fs "^4.1.6"

jsonschema@1.0.0:
  version "1.0.0"
  resolved "https://bosdevartifactory.ezesoft.net:443/artifactory/api/npm/npm-eze/jsonschema/-/jsonschema-1.0.0.tgz#4d57a17f51b5522bb7f7af7959928eb1101ac282"
  integrity sha1-TVehf1G1Uiu39695WZKOsRAawoI=

jsprim@^1.2.2:
  version "1.4.1"
  resolved "https://bosdevartifactory.ezesoft.net:443/artifactory/api/npm/npm-eze/jsprim/-/jsprim-1.4.1.tgz#313e66bc1e5cc06e438bc1b7499c2e5c56acb6a2"
  integrity sha1-MT5mvB5cwG5Di8G3SZwuXFastqI=
  dependencies:
    assert-plus "1.0.0"
    extsprintf "1.3.0"
    json-schema "0.2.3"
    verror "1.10.0"

knuth-shuffle-seeded@^1.0.6:
  version "1.0.6"
  resolved "https://bosdevartifactory.ezesoft.net:443/artifactory/api/npm/npm-eze/knuth-shuffle-seeded/-/knuth-shuffle-seeded-1.0.6.tgz#01f1b65733aa7540ee08d8b0174164d22081e4e1"
  integrity sha1-AfG2VzOqdUDuCNiwF0Fk0iCB5OE=
  dependencies:
    seed-random "~2.2.0"

lodash@^4.17.10, lodash@^4.17.13, lodash@^4.17.15:
  version "4.17.15"
  resolved "https://bosdevartifactory.ezesoft.net:443/artifactory/api/npm/npm-eze/lodash/-/lodash-4.17.15.tgz#b447f6670a0455bbfeedd11392eff330ea097548"
  integrity sha1-tEf2ZwoEVbv+7dETku/zMOoJdUg=

lower-case@^1.1.1:
  version "1.1.4"
  resolved "https://bosdevartifactory.ezesoft.net:443/artifactory/api/npm/npm-eze/lower-case/-/lower-case-1.1.4.tgz#9a2cabd1b9e8e0ae993a4bf7d5875c39c42e8eac"
  integrity sha1-miyr0bno4K6ZOkv31YdcOcQujqw=

mime-db@1.44.0:
  version "1.44.0"
  resolved "https://bosdevartifactory.ezesoft.net:443/artifactory/api/npm/npm-eze/mime-db/-/mime-db-1.44.0.tgz#fa11c5eb0aca1334b4233cb4d52f10c5a6272f92"
  integrity sha1-+hHF6wrKEzS0Izy01S8QxaYnL5I=

mime-types@^2.1.12, mime-types@~2.1.19:
  version "2.1.27"
  resolved "https://bosdevartifactory.ezesoft.net:443/artifactory/api/npm/npm-eze/mime-types/-/mime-types-2.1.27.tgz#47949f98e279ea53119f5722e0f34e529bec009f"
  integrity sha1-R5SfmOJ56lMRn1ci4PNOUpvsAJ8=
  dependencies:
    mime-db "1.44.0"

minimatch@^3.0.4:
  version "3.0.4"
  resolved "https://bosdevartifactory.ezesoft.net:443/artifactory/api/npm/npm-eze/minimatch/-/minimatch-3.0.4.tgz#5166e286457f03306064be5497e8dbb0c3d32083"
  integrity sha1-UWbihkV/AzBgZL5Ul+jbsMPTIIM=
  dependencies:
    brace-expansion "^1.1.7"

"mock-request@>= 0.1.2":
  version "0.1.2"
  resolved "https://bosdevartifactory.ezesoft.net:443/artifactory/api/npm/npm-eze/mock-request/-/mock-request-0.1.2.tgz#828c755c8f498c5701bac69da3e7aaa6d78950dc"
  integrity sha1-gox1XI9JjFcBusado+eqpteJUNw=

ms@^2.1.1:
  version "2.1.2"
  resolved "https://bosdevartifactory.ezesoft.net:443/artifactory/api/npm/npm-eze/ms/-/ms-2.1.2.tgz#d09d1f357b443f493382a8eb3ccd183872ae6009"
  integrity sha1-0J0fNXtEP0kzgqjrPM0YOHKuYAk=

mz@^2.4.0:
  version "2.7.0"
  resolved "https://bosdevartifactory.ezesoft.net:443/artifactory/api/npm/npm-eze/mz/-/mz-2.7.0.tgz#95008057a56cafadc2bc63dde7f9ff6955948e32"
  integrity sha1-lQCAV6Vsr63CvGPd5/n/aVWUjjI=
  dependencies:
    any-promise "^1.0.0"
    object-assign "^4.0.1"
    thenify-all "^1.0.0"

next-tick@~1.0.0:
  version "1.0.0"
  resolved "https://bosdevartifactory.ezesoft.net:443/artifactory/api/npm/npm-eze/next-tick/-/next-tick-1.0.0.tgz#ca86d1fe8828169b0120208e3dc8424b9db8342c"
  integrity sha1-yobR/ogoFpsBICCOPchCS524NCw=

nice-try@^1.0.4:
  version "1.0.5"
  resolved "https://bosdevartifactory.ezesoft.net:443/artifactory/api/npm/npm-eze/nice-try/-/nice-try-1.0.5.tgz#a3378a7696ce7d223e88fc9b764bd7ef1089e366"
  integrity sha1-ozeKdpbOfSI+iPybdkvX7xCJ42Y=

no-case@^2.2.0:
  version "2.3.2"
  resolved "https://bosdevartifactory.ezesoft.net:443/artifactory/api/npm/npm-eze/no-case/-/no-case-2.3.2.tgz#60b813396be39b3f1288a4c1ed5d1e7d28b464ac"
  integrity sha1-YLgTOWvjmz8SiKTB7V0efSi0ZKw=
  dependencies:
    lower-case "^1.1.1"

nock@*:
  version "12.0.3"
  resolved "https://bosdevartifactory.ezesoft.net:443/artifactory/api/npm/npm-eze/nock/-/nock-12.0.3.tgz#83f25076dbc4c9aa82b5cdf54c9604c7a778d1c9"
  integrity sha1-g/JQdtvEyaqCtc31TJYEx6d40ck=
  dependencies:
    debug "^4.1.0"
    json-stringify-safe "^5.0.1"
    lodash "^4.17.13"
    propagate "^2.0.0"

oauth-sign@~0.9.0:
  version "0.9.0"
  resolved "https://bosdevartifactory.ezesoft.net:443/artifactory/api/npm/npm-eze/oauth-sign/-/oauth-sign-0.9.0.tgz#47a7b016baa68b5fa0ecf3dee08a85c679ac6455"
  integrity sha1-R6ewFrqmi1+g7PPe4IqFxnmsZFU=

object-assign@^4.0.1, object-assign@^4.1.0:
  version "4.1.1"
  resolved "https://bosdevartifactory.ezesoft.net:443/artifactory/api/npm/npm-eze/object-assign/-/object-assign-4.1.1.tgz#2109adc7965887cfc05cbbd442cac8bfbb360863"
  integrity sha1-IQmtx5ZYh8/AXLvUQsrIv7s2CGM=

once@^1.3.0:
  version "1.4.0"
  resolved "https://bosdevartifactory.ezesoft.net:443/artifactory/api/npm/npm-eze/once/-/once-1.4.0.tgz#583b1aa775961d4b113ac17d9c50baef9dd76bd1"
  integrity sha1-WDsap3WWHUsROsF9nFC6753Xa9E=
  dependencies:
    wrappy "1"

pad-right@^0.2.2:
  version "0.2.2"
  resolved "https://bosdevartifactory.ezesoft.net:443/artifactory/api/npm/npm-eze/pad-right/-/pad-right-0.2.2.tgz#6fbc924045d244f2a2a244503060d3bfc6009774"
  integrity sha1-b7ySQEXSRPKiokRQMGDTv8YAl3Q=
  dependencies:
    repeat-string "^1.5.2"

path-is-absolute@^1.0.0:
  version "1.0.1"
  resolved "https://bosdevartifactory.ezesoft.net:443/artifactory/api/npm/npm-eze/path-is-absolute/-/path-is-absolute-1.0.1.tgz#174b9268735534ffbc7ace6bf53a5a9e1b5c5f5f"
  integrity sha1-F0uSaHNVNP+8es5r9TpanhtcX18=

path-key@^2.0.1:
  version "2.0.1"
  resolved "https://bosdevartifactory.ezesoft.net:443/artifactory/api/npm/npm-eze/path-key/-/path-key-2.0.1.tgz#411cadb574c5a140d3a4b1910d40d80cc9f40b40"
  integrity sha1-QRyttXTFoUDTpLGRDUDYDMn0C0A=

path-parse@^1.0.6:
  version "1.0.6"
  resolved "https://bosdevartifactory.ezesoft.net:443/artifactory/api/npm/npm-eze/path-parse/-/path-parse-1.0.6.tgz#d62dbb5679405d72c4737ec58600e9ddcf06d24c"
  integrity sha1-1i27VnlAXXLEc37FhgDp3c8G0kw=

pathval@^1.1.0:
  version "1.1.0"
  resolved "https://bosdevartifactory.ezesoft.net:443/artifactory/api/npm/npm-eze/pathval/-/pathval-1.1.0.tgz#b942e6d4bde653005ef6b71361def8727d0645e0"
  integrity sha1-uULm1L3mUwBe9rcTYd74cn0GReA=

performance-now@^2.1.0:
  version "2.1.0"
  resolved "https://bosdevartifactory.ezesoft.net:443/artifactory/api/npm/npm-eze/performance-now/-/performance-now-2.1.0.tgz#6309f4e0e5fa913ec1c69307ae364b4b377c9e7b"
  integrity sha1-Ywn04OX6kT7BxpMHrjZLSzd8nns=

progress@^2.0.0:
  version "2.0.3"
  resolved "https://bosdevartifactory.ezesoft.net:443/artifactory/api/npm/npm-eze/progress/-/progress-2.0.3.tgz#7e8cf8d8f5b8f239c1bc68beb4eb78567d572ef8"
  integrity sha1-foz42PW48jnBvGi+tOt4Vn1XLvg=

propagate@^2.0.0:
  version "2.0.1"
  resolved "https://bosdevartifactory.ezesoft.net:443/artifactory/api/npm/npm-eze/propagate/-/propagate-2.0.1.tgz#40cdedab18085c792334e64f0ac17256d38f9a45"
  integrity sha1-QM3tqxgIXHkjNOZPCsFyVtOPmkU=

psl@^1.1.28:
  version "1.8.0"
  resolved "https://bosdevartifactory.ezesoft.net:443/artifactory/api/npm/npm-eze/psl/-/psl-1.8.0.tgz#9326f8bcfb013adcc005fdff056acce020e51c24"
  integrity sha1-kyb4vPsBOtzABf3/BWrM4CDlHCQ=

punycode@^2.1.0, punycode@^2.1.1:
  version "2.1.1"
  resolved "https://bosdevartifactory.ezesoft.net:443/artifactory/api/npm/npm-eze/punycode/-/punycode-2.1.1.tgz#b58b010ac40c22c5657616c8d2c2c02c7bf479ec"
  integrity sha1-tYsBCsQMIsVldhbI0sLALHv0eew=

qs@1.2.x:
  version "1.2.2"
  resolved "https://bosdevartifactory.ezesoft.net:443/artifactory/api/npm/npm-eze/qs/-/qs-1.2.2.tgz#19b57ff24dc2a99ce1f8bdf6afcda59f8ef61f88"
  integrity sha1-GbV/8k3CqZzh+L32r82ln472H4g=

qs@~6.5.2:
  version "6.5.2"
  resolved "https://bosdevartifactory.ezesoft.net:443/artifactory/api/npm/npm-eze/qs/-/qs-6.5.2.tgz#cb3ae806e8740444584ef154ce8ee98d403f3e36"
  integrity sha1-yzroBuh0BERYTvFUzo7pjUA/PjY=

regenerator-runtime@^0.13.4:
  version "0.13.5"
  resolved "https://bosdevartifactory.ezesoft.net:443/artifactory/api/npm/npm-eze/regenerator-runtime/-/regenerator-runtime-0.13.5.tgz#d878a1d094b4306d10b9096484b33ebd55e26697"
  integrity sha1-2Hih0JS0MG0QuQlkhLM+vVXiZpc=

repeat-string@^1.5.2, repeat-string@^1.6.1:
  version "1.6.1"
  resolved "https://bosdevartifactory.ezesoft.net:443/artifactory/api/npm/npm-eze/repeat-string/-/repeat-string-1.6.1.tgz#8dcae470e1c88abc2d600fff4a776286da75e637"
  integrity sha1-jcrkcOHIirwtYA//Sndihtp15jc=

request-promise-core@1.1.3:
  version "1.1.3"
  resolved "https://bosdevartifactory.ezesoft.net:443/artifactory/api/npm/npm-eze/request-promise-core/-/request-promise-core-1.1.3.tgz#e9a3c081b51380dfea677336061fea879a829ee9"
  integrity sha1-6aPAgbUTgN/qZ3M2Bh/qh5qCnuk=
  dependencies:
    lodash "^4.17.15"

request-promise@^4.2.4:
  version "4.2.5"
  resolved "https://bosdevartifactory.ezesoft.net:443/artifactory/api/npm/npm-eze/request-promise/-/request-promise-4.2.5.tgz#186222c59ae512f3497dfe4d75a9c8461bd0053c"
  integrity sha1-GGIixZrlEvNJff5NdanIRhvQBTw=
  dependencies:
    bluebird "^3.5.0"
    request-promise-core "1.1.3"
    stealthy-require "^1.1.1"
    tough-cookie "^2.3.3"

request@>=2.51, request@^2.88.0:
  version "2.88.2"
  resolved "https://bosdevartifactory.ezesoft.net:443/artifactory/api/npm/npm-eze/request/-/request-2.88.2.tgz#d73c918731cb5a87da047e207234146f664d12b3"
  integrity sha1-1zyRhzHLWofaBH4gcjQUb2ZNErM=
  dependencies:
    aws-sign2 "~0.7.0"
    aws4 "^1.8.0"
    caseless "~0.12.0"
    combined-stream "~1.0.6"
    extend "~3.0.2"
    forever-agent "~0.6.1"
    form-data "~2.3.2"
    har-validator "~5.1.3"
    http-signature "~1.2.0"
    is-typedarray "~1.0.0"
    isstream "~0.1.2"
    json-stringify-safe "~5.0.1"
    mime-types "~2.1.19"
    oauth-sign "~0.9.0"
    performance-now "^2.1.0"
    qs "~6.5.2"
    safe-buffer "^5.1.2"
    tough-cookie "~2.5.0"
    tunnel-agent "^0.6.0"
    uuid "^3.3.2"

resolve@^1.3.3:
  version "1.17.0"
  resolved "https://bosdevartifactory.ezesoft.net:443/artifactory/api/npm/npm-eze/resolve/-/resolve-1.17.0.tgz#b25941b54968231cc2d1bb76a79cb7f2c0bf8444"
  integrity sha1-sllBtUloIxzC0bt2p5y38sC/hEQ=
  dependencies:
    path-parse "^1.0.6"

safe-buffer@^5.0.1, safe-buffer@^5.1.2:
  version "5.2.0"
  resolved "https://bosdevartifactory.ezesoft.net:443/artifactory/api/npm/npm-eze/safe-buffer/-/safe-buffer-5.2.0.tgz#b74daec49b1148f88c64b68d49b1e815c1f2f519"
  integrity sha1-t02uxJsRSPiMZLaNSbHoFcHy9Rk=

safer-buffer@^2.0.2, safer-buffer@^2.1.0, safer-buffer@~2.1.0:
  version "2.1.2"
  resolved "https://bosdevartifactory.ezesoft.net:443/artifactory/api/npm/npm-eze/safer-buffer/-/safer-buffer-2.1.2.tgz#44fa161b0187b9549dd84bb91802f9bd8385cd6a"
  integrity sha1-RPoWGwGHuVSd2Eu5GAL5vYOFzWo=

seed-random@~2.2.0:
  version "2.2.0"
  resolved "https://bosdevartifactory.ezesoft.net:443/artifactory/api/npm/npm-eze/seed-random/-/seed-random-2.2.0.tgz#2a9b19e250a817099231a5b99a4daf80b7fbed54"
  integrity sha1-KpsZ4lCoFwmSMaW5mk2vgLf77VQ=

semver@^5.5.0:
  version "5.7.1"
  resolved "https://bosdevartifactory.ezesoft.net:443/artifactory/api/npm/npm-eze/semver/-/semver-5.7.1.tgz#a954f931aeba508d307bbf069eff0c01c96116f7"
  integrity sha1-qVT5Ma66UI0we78Gnv8MAclhFvc=

serialize-error@^3.0.0:
  version "3.0.0"
  resolved "https://bosdevartifactory.ezesoft.net:443/artifactory/api/npm/npm-eze/serialize-error/-/serialize-error-3.0.0.tgz#80100282b09be33c611536f50033481cb9cc87cf"
  integrity sha1-gBACgrCb4zxhFTb1ADNIHLnMh88=

shebang-command@^1.2.0:
  version "1.2.0"
  resolved "https://bosdevartifactory.ezesoft.net:443/artifactory/api/npm/npm-eze/shebang-command/-/shebang-command-1.2.0.tgz#44aac65b695b03398968c39f363fee5deafdf1ea"
  integrity sha1-RKrGW2lbAzmJaMOfNj/uXer98eo=
  dependencies:
    shebang-regex "^1.0.0"

shebang-regex@^1.0.0:
  version "1.0.0"
  resolved "https://bosdevartifactory.ezesoft.net:443/artifactory/api/npm/npm-eze/shebang-regex/-/shebang-regex-1.0.0.tgz#da42f49740c0b42db2ca9728571cb190c98efea3"
  integrity sha1-2kL0l0DAtC2yypcoVxyxkMmO/qM=

source-map@0.5.6:
  version "0.5.6"
  resolved "https://bosdevartifactory.ezesoft.net:443/artifactory/api/npm/npm-eze/source-map/-/source-map-0.5.6.tgz#75ce38f52bf0733c5a7f0c118d81334a2bb5f412"
  integrity sha1-dc449SvwczxafwwRjYEzSiu19BI=

sshpk@^1.7.0:
  version "1.16.1"
  resolved "https://bosdevartifactory.ezesoft.net:443/artifactory/api/npm/npm-eze/sshpk/-/sshpk-1.16.1.tgz#fb661c0bef29b39db40769ee39fa70093d6f6877"
  integrity sha1-+2YcC+8ps520B2nuOfpwCT1vaHc=
  dependencies:
    asn1 "~0.2.3"
    assert-plus "^1.0.0"
    bcrypt-pbkdf "^1.0.0"
    dashdash "^1.12.0"
    ecc-jsbn "~0.1.1"
    getpass "^0.1.1"
    jsbn "~0.1.0"
    safer-buffer "^2.0.2"
    tweetnacl "~0.14.0"

stack-chain@^2.0.0:
  version "2.0.0"
  resolved "https://bosdevartifactory.ezesoft.net:443/artifactory/api/npm/npm-eze/stack-chain/-/stack-chain-2.0.0.tgz#d73d1172af89565f07438b5bcc086831b6689b2d"
  integrity sha1-1z0Rcq+JVl8HQ4tbzAhoMbZomy0=

stack-generator@^2.0.5:
  version "2.0.5"
  resolved "https://bosdevartifactory.ezesoft.net:443/artifactory/api/npm/npm-eze/stack-generator/-/stack-generator-2.0.5.tgz#fb00e5b4ee97de603e0773ea78ce944d81596c36"
  integrity sha1-+wDltO6X3mA+B3PqeM6UTYFZbDY=
  dependencies:
    stackframe "^1.1.1"

stack-trace@0.0.x:
  version "0.0.10"
  resolved "https://bosdevartifactory.ezesoft.net:443/artifactory/api/npm/npm-eze/stack-trace/-/stack-trace-0.0.10.tgz#547c70b347e8d32b4e108ea1a2a159e5fdde19c0"
  integrity sha1-VHxws0fo0ytOEI6hoqFZ5f3eGcA=

stackframe@^1.1.1:
  version "1.1.1"
  resolved "https://bosdevartifactory.ezesoft.net:443/artifactory/api/npm/npm-eze/stackframe/-/stackframe-1.1.1.tgz#ffef0a3318b1b60c3b58564989aca5660729ec71"
  integrity sha1-/+8KMxixtgw7WFZJiaylZgcp7HE=

stacktrace-gps@^3.0.4:
  version "3.0.4"
  resolved "https://bosdevartifactory.ezesoft.net:443/artifactory/api/npm/npm-eze/stacktrace-gps/-/stacktrace-gps-3.0.4.tgz#7688dc2fc09ffb3a13165ebe0dbcaf41bcf0c69a"
  integrity sha1-dojcL8Cf+zoTFl6+DbyvQbzwxpo=
  dependencies:
    source-map "0.5.6"
    stackframe "^1.1.1"

stacktrace-js@^2.0.0:
  version "2.0.2"
  resolved "https://bosdevartifactory.ezesoft.net:443/artifactory/api/npm/npm-eze/stacktrace-js/-/stacktrace-js-2.0.2.tgz#4ca93ea9f494752d55709a081d400fdaebee897b"
  integrity sha1-TKk+qfSUdS1VcJoIHUAP2uvuiXs=
  dependencies:
    error-stack-parser "^2.0.6"
    stack-generator "^2.0.5"
    stacktrace-gps "^3.0.4"

stealthy-require@^1.1.1:
  version "1.1.1"
  resolved "https://bosdevartifactory.ezesoft.net:443/artifactory/api/npm/npm-eze/stealthy-require/-/stealthy-require-1.1.1.tgz#35b09875b4ff49f26a777e509b3090a3226bf24b"
  integrity sha1-NbCYdbT/SfJqd35QmzCQoyJr8ks=

string-argv@0.1.1:
  version "0.1.1"
  resolved "https://bosdevartifactory.ezesoft.net:443/artifactory/api/npm/npm-eze/string-argv/-/string-argv-0.1.1.tgz#66bd5ae3823708eaa1916fa5412703150d4ddfaf"
  integrity sha1-Zr1a44I3COqhkW+lQScDFQ1N368=

string-width@^2.1.1:
  version "2.1.1"
  resolved "https://bosdevartifactory.ezesoft.net:443/artifactory/api/npm/npm-eze/string-width/-/string-width-2.1.1.tgz#ab93f27a8dc13d28cac815c462143a6d9012ae9e"
  integrity sha1-q5Pyeo3BPSjKyBXEYhQ6bZASrp4=
  dependencies:
    is-fullwidth-code-point "^2.0.0"
    strip-ansi "^4.0.0"

strip-ansi@^4.0.0:
  version "4.0.0"
  resolved "https://bosdevartifactory.ezesoft.net:443/artifactory/api/npm/npm-eze/strip-ansi/-/strip-ansi-4.0.0.tgz#a8479022eb1ac368a871389b635262c505ee368f"
  integrity sha1-qEeQIusaw2iocTibY1JixQXuNo8=
  dependencies:
    ansi-regex "^3.0.0"

thenify-all@^1.0.0:
  version "1.6.0"
  resolved "https://bosdevartifactory.ezesoft.net:443/artifactory/api/npm/npm-eze/thenify-all/-/thenify-all-1.6.0.tgz#1a1918d402d8fc3f98fbf234db0bcc8cc10e9726"
  integrity sha1-GhkY1ALY/D+Y+/I02wvMjMEOlyY=
  dependencies:
    thenify ">= 3.1.0 < 4"

"thenify@>= 3.1.0 < 4":
  version "3.3.0"
  resolved "https://bosdevartifactory.ezesoft.net:443/artifactory/api/npm/npm-eze/thenify/-/thenify-3.3.0.tgz#e69e38a1babe969b0108207978b9f62b88604839"
  integrity sha1-5p44obq+lpsBCCB5eLn2K4hgSDk=
  dependencies:
    any-promise "^1.0.0"

title-case@^2.1.1:
  version "2.1.1"
  resolved "https://bosdevartifactory.ezesoft.net:443/artifactory/api/npm/npm-eze/title-case/-/title-case-2.1.1.tgz#3e127216da58d2bc5becf137ab91dae3a7cd8faa"
  integrity sha1-PhJyFtpY0rxb7PE3q5Ha46fNj6o=
  dependencies:
    no-case "^2.2.0"
    upper-case "^1.0.3"

tough-cookie@^2.3.3, tough-cookie@~2.5.0:
  version "2.5.0"
  resolved "https://bosdevartifactory.ezesoft.net:443/artifactory/api/npm/npm-eze/tough-cookie/-/tough-cookie-2.5.0.tgz#cd9fb2a0aa1d5a12b473bd9fb96fa3dcff65ade2"
  integrity sha1-zZ+yoKodWhK0c72fuW+j3P9lreI=
  dependencies:
    psl "^1.1.28"
    punycode "^2.1.1"

tunnel-agent@^0.6.0:
  version "0.6.0"
  resolved "https://bosdevartifactory.ezesoft.net:443/artifactory/api/npm/npm-eze/tunnel-agent/-/tunnel-agent-0.6.0.tgz#27a5dea06b36b04a0a9966774b290868f0fc40fd"
  integrity sha1-J6XeoGs2sEoKmWZ3SykIaPD8QP0=
  dependencies:
    safe-buffer "^5.0.1"

tweetnacl@^0.14.3, tweetnacl@~0.14.0:
  version "0.14.5"
  resolved "https://bosdevartifactory.ezesoft.net:443/artifactory/api/npm/npm-eze/tweetnacl/-/tweetnacl-0.14.5.tgz#5ae68177f192d4456269d108afa93ff8743f4f64"
  integrity sha1-WuaBd/GS1EViadEIr6k/+HQ/T2Q=

type-detect@^4.0.0, type-detect@^4.0.5:
  version "4.0.8"
  resolved "https://bosdevartifactory.ezesoft.net:443/artifactory/api/npm/npm-eze/type-detect/-/type-detect-4.0.8.tgz#7646fb5f18871cfbb7749e69bd39a6388eb7450c"
  integrity sha1-dkb7XxiHHPu3dJ5pvTmmOI63RQw=

type@^1.0.1:
  version "1.2.0"
  resolved "https://bosdevartifactory.ezesoft.net:443/artifactory/api/npm/npm-eze/type/-/type-1.2.0.tgz#848dd7698dafa3e54a6c479e759c4bc3f18847a0"
  integrity sha1-hI3XaY2vo+VKbEeedZxLw/GIR6A=

type@^2.0.0:
  version "2.0.0"
  resolved "https://bosdevartifactory.ezesoft.net:443/artifactory/api/npm/npm-eze/type/-/type-2.0.0.tgz#5f16ff6ef2eb44f260494dae271033b29c09a9c3"
  integrity sha1-Xxb/bvLrRPJgSU2uJxAzspwJqcM=

underscore@1.6.x:
  version "1.6.0"
  resolved "https://bosdevartifactory.ezesoft.net:443/artifactory/api/npm/npm-eze/underscore/-/underscore-1.6.0.tgz#8b38b10cacdef63337b8b24e4ff86d45aea529a8"
  integrity sha1-izixDKze9jM3uLJOT/htRa6lKag=

universalify@^0.1.0:
  version "0.1.2"
  resolved "https://bosdevartifactory.ezesoft.net:443/artifactory/api/npm/npm-eze/universalify/-/universalify-0.1.2.tgz#b646f69be3942dabcecc9d6639c80dc105efaa66"
  integrity sha1-tkb2m+OULavOzJ1mOcgNwQXvqmY=

upper-case@^1.0.3:
  version "1.1.3"
  resolved "https://bosdevartifactory.ezesoft.net:443/artifactory/api/npm/npm-eze/upper-case/-/upper-case-1.1.3.tgz#f6b4501c2ec4cdd26ba78be7222961de77621598"
  integrity sha1-9rRQHC7EzdJrp4vnIilh3ndiFZg=

uri-js@^4.2.2:
  version "4.2.2"
  resolved "https://bosdevartifactory.ezesoft.net:443/artifactory/api/npm/npm-eze/uri-js/-/uri-js-4.2.2.tgz#94c540e1ff772956e2299507c010aea6c8838eb0"
  integrity sha1-lMVA4f93KVbiKZUHwBCupsiDjrA=
  dependencies:
    punycode "^2.1.0"

util-arity@^1.0.2:
  version "1.1.0"
  resolved "https://bosdevartifactory.ezesoft.net:443/artifactory/api/npm/npm-eze/util-arity/-/util-arity-1.1.0.tgz#59d01af1fdb3fede0ac4e632b0ab5f6ce97c9330"
  integrity sha1-WdAa8f2z/t4KxOYysKtfbOl8kzA=

uuid@^3.3.2:
  version "3.4.0"
  resolved "https://bosdevartifactory.ezesoft.net:443/artifactory/api/npm/npm-eze/uuid/-/uuid-3.4.0.tgz#b23e4358afa8a202fe7a100af1f5f883f02007ee"
  integrity sha1-sj5DWK+oogL+ehAK8fX4g/AgB+4=

verror@1.10.0, verror@^1.9.0:
  version "1.10.0"
  resolved "https://bosdevartifactory.ezesoft.net:443/artifactory/api/npm/npm-eze/verror/-/verror-1.10.0.tgz#3a105ca17053af55d6e270c1f8288682e18da400"
  integrity sha1-OhBcoXBTr1XW4nDB+CiGguGNpAA=
  dependencies:
    assert-plus "^1.0.0"
    core-util-is "1.0.2"
    extsprintf "^1.2.0"

which@^1.2.9:
  version "1.3.1"
  resolved "https://bosdevartifactory.ezesoft.net:443/artifactory/api/npm/npm-eze/which/-/which-1.3.1.tgz#a45043d54f5805316da8d62f9f50918d3da70b0a"
  integrity sha1-pFBD1U9YBTFtqNYvn1CRjT2nCwo=
  dependencies:
    isexe "^2.0.0"

wrappy@1:
  version "1.0.2"
  resolved "https://bosdevartifactory.ezesoft.net:443/artifactory/api/npm/npm-eze/wrappy/-/wrappy-1.0.2.tgz#b5243d8f3ec1aa35f1364605bc0d1036e30ab69f"
  integrity sha1-tSQ9jz7BqjXxNkYFvA0QNuMKtp8=
